Microsoft Visual Studio Solution File, Format Version 12.00
# Visual Studio Version 17
VisualStudioVersion = 17.5.2.0
MinimumVisualStudioVersion = 10.0.40219.1
Project("{FAE04EC0-301F-11D3-BF4B-00C04F79EFBC}") = "ReservationSystem", "ReservationSystem\ReservationSystem.csproj", "{05EBBD6F-4546-F000-605B-FF7E66017C9F}"
EndProject
Global
	GlobalSection(SolutionConfigurationPlatforms) = preSolution
		Debug|Any CPU = Debug|Any CPU
		Release|Any CPU = Release|Any CPU
	EndGlobalSection
	GlobalSection(ProjectConfigurationPlatforms) = postSolution
		{05EBBD6F-4546-F000-605B-FF7E66017C9F}.Debug|Any CPU.ActiveCfg = Debug|Any CPU
		{05EBBD6F-4546-F000-605B-FF7E66017C9F}.Debug|Any CPU.Build.0 = Debug|Any CPU
		{05EBBD6F-4546-F000-605B-FF7E66017C9F}.Release|Any CPU.ActiveCfg = Release|Any CPU
		{05EBBD6F-4546-F000-605B-FF7E66017C9F}.Release|Any CPU.Build.0 = Release|Any CPU
	EndGlobalSection
	GlobalSection(SolutionProperties) = preSolution
		HideSolutionNode = FALSE
	EndGlobalSection
	GlobalSection(ExtensibilityGlobals) = postSolution
		SolutionGuid = {2EA0551B-6764-4F7E-8150-8DC43BE81738}
	EndGlobalSection
EndGlobal
